// !$*UTF8*$!
{
	archiveVersion = 1;
	classes = {
	};
	objectVersion = 51;
	objects = {

/* Begin PBXBuildFile section */
		57ED4CABE8552C39A4256EB1 /* Pods_ParstagramTests.framework in Frameworks */ = {isa = PBXBuildFile; fileRef = 11F63D7DE0C5C5497D0FA59C /* Pods_ParstagramTests.framework */; };
		9525F765A9717707D7AD88BC /* Pods_Parstagram_ParstagramUITests.framework in Frameworks */ = {isa = PBXBuildFile; fileRef = D13C082C7AB94855AA1BEB5A /* Pods_Parstagram_ParstagramUITests.framework */; };
		EBD40E1A0456885667AF6108 /* Pods_Parstagram.framework in Frameworks */ = {isa = PBXBuildFile; fileRef = AD9F830C3F43512DE5412648 /* Pods_Parstagram.framework */; };
		F6802A98271B36F2005DF7B1 /* AppDelegate.swift in Sources */ = {isa = PBXBuildFile; fileRef = F6802A97271B36F2005DF7B1 /* AppDelegate.swift */; };
		F6802A9A271B36F2005DF7B1 /* SceneDelegate.swift in Sources */ = {isa = PBXBuildFile; fileRef = F6802A99271B36F2005DF7B1 /* SceneDelegate.swift */; };
		F6802A9F271B36F2005DF7B1 /* Main.storyboard in Resources */ = {isa = PBXBuildFile; fileRef = F6802A9D271B36F2005DF7B1 /* Main.storyboard */; };
		F6802AA1271B36F4005DF7B1 /* Assets.xcassets in Resources */ = {isa = PBXBuildFile; fileRef = F6802AA0271B36F4005DF7B1 /* Assets.xcassets */; };
		F6802AA4271B36F4005DF7B1 /* LaunchScreen.storyboard in Resources */ = {isa = PBXBuildFile; fileRef = F6802AA2271B36F4005DF7B1 /* LaunchScreen.storyboard */; };
		F6802AAF271B36F4005DF7B1 /* ParstagramTests.swift in Sources */ = {isa = PBXBuildFile; fileRef = F6802AAE271B36F4005DF7B1 /* ParstagramTests.swift */; };
		F6802ABA271B36F4005DF7B1 /* ParstagramUITests.swift in Sources */ = {isa = PBXBuildFile; fileRef = F6802AB9271B36F4005DF7B1 /* ParstagramUITests.swift */; };
		F6802AC8271B3CC4005DF7B1 /* LoginViewController.swift in Sources */ = {isa = PBXBuildFile; fileRef = F6802AC7271B3CC4005DF7B1 /* LoginViewController.swift */; };
		F6802ACA271B3CE3005DF7B1 /* FeedViewController.swift in Sources */ = {isa = PBXBuildFile; fileRef = F6802AC9271B3CE3005DF7B1 /* FeedViewController.swift */; };
		F6802ACC271B4BFF005DF7B1 /* CameraViewController.swift in Sources */ = {isa = PBXBuildFile; fileRef = F6802ACB271B4BFF005DF7B1 /* CameraViewController.swift */; };
		F6802ACE271B5D1D005DF7B1 /* PostCell.swift in Sources */ = {isa = PBXBuildFile; fileRef = F6802ACD271B5D1D005DF7B1 /* PostCell.swift */; };
		F6EACB1E272CCC7600E1900B /* CommentCell.swift in Sources */ = {isa = PBXBuildFile; fileRef = F6EACB1D272CCC7600E1900B /* CommentCell.swift */; };
/* End PBXBuildFile section */

/* Begin PBXContainerItemProxy section */
		F6802AAB271B36F4005DF7B1 /* PBXContainerItemProxy */ = {
			isa = PBXContainerItemProxy;
			containerPortal = F6802A8C271B36F2005DF7B1 /* Project object */;
			proxyType = 1;
			remoteGlobalIDString = F6802A93271B36F2005DF7B1;
			remoteInfo = Parstagram;
		};
		F6802AB6271B36F4005DF7B1 /* PBXContainerItemProxy */ = {
			isa = PBXContainerItemProxy;
			containerPortal = F6802A8C271B36F2005DF7B1 /* Project object */;
			proxyType = 1;
			remoteGlobalIDString = F6802A93271B36F2005DF7B1;
			remoteInfo = Parstagram;
		};
/* End PBXContainerItemProxy section */

/* Begin PBXFileReference section */
		11F63D7DE0C5C5497D0FA59C /* Pods_ParstagramTests.framework */ = {isa = PBXFileReference; explicitFileType = wrapper.framework; includeInIndex = 0; path = Pods_ParstagramTests.framework; sourceTree = BUILT_PRODUCTS_DIR; };
		285C380C6D39BCD618203422 /* Pods-ParstagramTests.release.xcconfig */ = {isa = PBXFileReference; includeInIndex = 1; lastKnownFileType = text.xcconfig; name = "Pods-ParstagramTests.release.xcconfig"; path = "Target Support Files/Pods-ParstagramTests/Pods-ParstagramTests.release.xcconfig"; sourceTree = "<group>"; };
		473A12AC3E51F1378CEA011B /* Pods-Parstagram.debug.xcconfig */ = {isa = PBXFileReference; includeInIndex = 1; lastKnownFileType = text.xcconfig; name = "Pods-Parstagram.debug.xcconfig"; path = "Target Support Files/Pods-Parstagram/Pods-Parstagram.debug.xcconfig"; sourceTree = "<group>"; };
		9067656F13C0AE06509AE951 /* Pods-Parstagram-ParstagramUITests.release.xcconfig */ = {isa = PBXFileReference; includeInIndex = 1; lastKnownFileType = text.xcconfig; name = "Pods-Parstagram-ParstagramUITests.release.xcconfig"; path = "Target Support Files/Pods-Parstagram-ParstagramUITests/Pods-Parstagram-ParstagramUITests.release.xcconfig"; sourceTree = "<group>"; };
		93A0F242A54182DC82E1ABBF /* Pods-ParstagramTests.debug.xcconfig */ = {isa = PBXFileReference; includeInIndex = 1; lastKnownFileType = text.xcconfig; name = "Pods-ParstagramTests.debug.xcconfig"; path = "Target Support Files/Pods-ParstagramTests/Pods-ParstagramTests.debug.xcconfig"; sourceTree = "<group>"; };
		AC6F7B3DEB7F2FD1610F9754 /* Pods-Parstagram.release.xcconfig */ = {isa = PBXFileReference; includeInIndex = 1; lastKnownFileType = text.xcconfig; name = "Pods-Parstagram.release.xcconfig"; path = "Target Support Files/Pods-Parstagram/Pods-Parstagram.release.xcconfig"; sourceTree = "<group>"; };
		AD9F830C3F43512DE5412648 /* Pods_Parstagram.framework */ = {isa = PBXFileReference; explicitFileType = wrapper.framework; includeInIndex = 0; path = Pods_Parstagram.framework; sourceTree = BUILT_PRODUCTS_DIR; };
		D13C082C7AB94855AA1BEB5A /* Pods_Parstagram_ParstagramUITests.framework */ = {isa = PBXFileReference; explicitFileType = wrapper.framework; includeInIndex = 0; path = Pods_Parstagram_ParstagramUITests.framework; sourceTree = BUILT_PRODUCTS_DIR; };
		E98F5A3D920238CD31B006CE /* Pods-Parstagram-ParstagramUITests.debug.xcconfig */ = {isa = PBXFileReference; includeInIndex = 1; lastKnownFileType = text.xcconfig; name = "Pods-Parstagram-ParstagramUITests.debug.xcconfig"; path = "Target Support Files/Pods-Parstagram-ParstagramUITests/Pods-Parstagram-ParstagramUITests.debug.xcconfig"; sourceTree = "<group>"; };
		F6802A94271B36F2005DF7B1 /* Parstagram.app */ = {isa = PBXFileReference; explicitFileType = wrapper.application; includeInIndex = 0; path = Parstagram.app; sourceTree = BUILT_PRODUCTS_DIR; };
		F6802A97271B36F2005DF7B1 /* AppDelegate.swift */ = {isa = PBXFileReference; lastKnownFileType = sourcecode.swift; path = AppDelegate.swift; sourceTree = "<group>"; };
		F6802A99271B36F2005DF7B1 /* SceneDelegate.swift */ = {isa = PBXFileReference; lastKnownFileType = sourcecode.swift; path = SceneDelegate.swift; sourceTree = "<group>"; };
		F6802A9E271B36F2005DF7B1 /* Base */ = {isa = PBXFileReference; lastKnownFileType = file.storyboard; name = Base; path = Base.lproj/Main.storyboard; sourceTree = "<group>"; };
		F6802AA0271B36F4005DF7B1 /* Assets.xcassets */ = {isa = PBXFileReference; lastKnownFileType = folder.assetcatalog; path = Assets.xcassets; sourceTree = "<group>"; };
		F6802AA3271B36F4005DF7B1 /* Base */ = {isa = PBXFileReference; lastKnownFileType = file.storyboard; name = Base; path = Base.lproj/LaunchScreen.storyboard; sourceTree = "<group>"; };
		F6802AA5271B36F4005DF7B1 /* Info.plist */ = {isa = PBXFileReference; lastKnownFileType = text.plist.xml; path = Info.plist; sourceTree = "<group>"; };
		F6802AAA271B36F4005DF7B1 /* ParstagramTests.xctest */ = {isa = PBXFileReference; explicitFileType = wrapper.cfbundle; includeInIndex = 0; path = ParstagramTests.xctest; sourceTree = BUILT_PRODUCTS_DIR; };
		F6802AAE271B36F4005DF7B1 /* ParstagramTests.swift */ = {isa = PBXFileReference; lastKnownFileType = sourcecode.swift; path = ParstagramTests.swift; sourceTree = "<group>"; };
		F6802AB0271B36F4005DF7B1 /* Info.plist */ = {isa = PBXFileReference; lastKnownFileType = text.plist.xml; path = Info.plist; sourceTree = "<group>"; };
		F6802AB5271B36F4005DF7B1 /* ParstagramUITests.xctest */ = {isa = PBXFileReference; explicitFileType = wrapper.cfbundle; includeInIndex = 0; path = ParstagramUITests.xctest; sourceTree = BUILT_PRODUCTS_DIR; };
		F6802AB9271B36F4005DF7B1 /* ParstagramUITests.swift */ = {isa = PBXFileReference; lastKnownFileType = sourcecode.swift; path = ParstagramUITests.swift; sourceTree = "<group>"; };
		F6802ABB271B36F4005DF7B1 /* Info.plist */ = {isa = PBXFileReference; lastKnownFileType = text.plist.xml; path = Info.plist; sourceTree = "<group>"; };
		F6802AC7271B3CC4005DF7B1 /* LoginViewController.swift */ = {isa = PBXFileReference; lastKnownFileType = sourcecode.swift; path = LoginViewController.swift; sourceTree = "<group>"; };
		F6802AC9271B3CE3005DF7B1 /* FeedViewController.swift */ = {isa = PBXFileReference; lastKnownFileType = sourcecode.swift; path = FeedViewController.swift; sourceTree = "<group>"; };
		F6802ACB271B4BFF005DF7B1 /* CameraViewController.swift */ = {isa = PBXFileReference; lastKnownFileType = sourcecode.swift; path = CameraViewController.swift; sourceTree = "<group>"; };
		F6802ACD271B5D1D005DF7B1 /* PostCell.swift */ = {isa = PBXFileReference; lastKnownFileType = sourcecode.swift; path = PostCell.swift; sourceTree = "<group>"; };
		F6EACB1D272CCC7600E1900B /* CommentCell.swift */ = {isa = PBXFileReference; lastKnownFileType = sourcecode.swift; path = CommentCell.swift; sourceTree = "<group>"; };
/* End PBXFileReference section */

/* Begin PBXFrameworksBuildPhase section */
		F6802A91271B36F2005DF7B1 /* Frameworks */ = {
			isa = PBXFrameworksBuildPhase;
			buildActionMask = 2147483647;
			files = (
				EBD40E1A0456885667AF6108 /* Pods_Parstagram.framework in Frameworks */,
			);
			runOnlyForDeploymentPostprocessing = 0;
		};
		F6802AA7271B36F4005DF7B1 /* Frameworks */ = {
			isa = PBXFrameworksBuildPhase;
			buildActionMask = 2147483647;
			files = (
				57ED4CABE8552C39A4256EB1 /* Pods_ParstagramTests.framework in Frameworks */,
			);
			runOnlyForDeploymentPostprocessing = 0;
		};
		F6802AB2271B36F4005DF7B1 /* Frameworks */ = {
			isa = PBXFrameworksBuildPhase;
			buildActionMask = 2147483647;
			files = (
				9525F765A9717707D7AD88BC /* Pods_Parstagram_ParstagramUITests.framework in Frameworks */,
			);
			runOnlyForDeploymentPostprocessing = 0;
		};
/* End PBXFrameworksBuildPhase section */

/* Begin PBXGroup section */
		9FF8D0C6E01C142FA1AC9B33 /* Pods */ = {
			isa = PBXGroup;
			children = (
				473A12AC3E51F1378CEA011B /* Pods-Parstagram.debug.xcconfig */,
				AC6F7B3DEB7F2FD1610F9754 /* Pods-Parstagram.release.xcconfig */,
				E98F5A3D920238CD31B006CE /* Pods-Parstagram-ParstagramUITests.debug.xcconfig */,
				9067656F13C0AE06509AE951 /* Pods-Parstagram-ParstagramUITests.release.xcconfig */,
				93A0F242A54182DC82E1ABBF /* Pods-ParstagramTests.debug.xcconfig */,
				285C380C6D39BCD618203422 /* Pods-ParstagramTests.release.xcconfig */,
			);
			path = Pods;
			sourceTree = "<group>";
		};
		DA5151F8DE352C7317DADC1B /* Frameworks */ = {
			isa = PBXGroup;
			children = (
				AD9F830C3F43512DE5412648 /* Pods_Parstagram.framework */,
				D13C082C7AB94855AA1BEB5A /* Pods_Parstagram_ParstagramUITests.framework */,
				11F63D7DE0C5C5497D0FA59C /* Pods_ParstagramTests.framework */,
			);
			name = Frameworks;
			sourceTree = "<group>";
		};
		F6802A8B271B36F2005DF7B1 = {
			isa = PBXGroup;
			children = (
				F6802A96271B36F2005DF7B1 /* Parstagram */,
				F6802AAD271B36F4005DF7B1 /* ParstagramTests */,
				F6802AB8271B36F4005DF7B1 /* ParstagramUITests */,
				F6802A95271B36F2005DF7B1 /* Products */,
				9FF8D0C6E01C142FA1AC9B33 /* Pods */,
				DA5151F8DE352C7317DADC1B /* Frameworks */,
			);
			sourceTree = "<group>";
		};
		F6802A95271B36F2005DF7B1 /* Products */ = {
			isa = PBXGroup;
			children = (
				F6802A94271B36F2005DF7B1 /* Parstagram.app */,
				F6802AAA271B36F4005DF7B1 /* ParstagramTests.xctest */,
				F6802AB5271B36F4005DF7B1 /* ParstagramUITests.xctest */,
			);
			name = Products;
			sourceTree = "<group>";
		};
		F6802A96271B36F2005DF7B1 /* Parstagram */ = {
			isa = PBXGroup;
			children = (
				F6802A97271B36F2005DF7B1 /* AppDelegate.swift */,
				F6802A99271B36F2005DF7B1 /* SceneDelegate.swift */,
				F6802A9D271B36F2005DF7B1 /* Main.storyboard */,
				F6802AA0271B36F4005DF7B1 /* Assets.xcassets */,
				F6802AA2271B36F4005DF7B1 /* LaunchScreen.storyboard */,
				F6802AA5271B36F4005DF7B1 /* Info.plist */,
				F6802AC7271B3CC4005DF7B1 /* LoginViewController.swift */,
				F6802AC9271B3CE3005DF7B1 /* FeedViewController.swift */,
				F6802ACB271B4BFF005DF7B1 /* CameraViewController.swift */,
				F6802ACD271B5D1D005DF7B1 /* PostCell.swift */,
				F6EACB1D272CCC7600E1900B /* CommentCell.swift */,
			);
			path = Parstagram;
			sourceTree = "<group>";
		};
		F6802AAD271B36F4005DF7B1 /* ParstagramTests */ = {
			isa = PBXGroup;
			children = (
				F6802AAE271B36F4005DF7B1 /* ParstagramTests.swift */,
				F6802AB0271B36F4005DF7B1 /* Info.plist */,
			);
			path = ParstagramTests;
			sourceTree = "<group>";
		};
		F6802AB8271B36F4005DF7B1 /* ParstagramUITests */ = {
			isa = PBXGroup;
			children = (
				F6802AB9271B36F4005DF7B1 /* ParstagramUITests.swift */,
				F6802ABB271B36F4005DF7B1 /* Info.plist */,
			);
			path = ParstagramUITests;
			sourceTree = "<group>";
		};
/* End PBXGroup section */

/* Begin PBXNativeTarget section */
		F6802A93271B36F2005DF7B1 /* Parstagram */ = {
			isa = PBXNativeTarget;
			buildConfigurationList = F6802ABE271B36F4005DF7B1 /* Build configuration list for PBXNativeTarget "Parstagram" */;
			buildPhases = (
				236B20E42459F7EE98241D7F /* [CP] Check Pods Manifest.lock */,
				F6802A90271B36F2005DF7B1 /* Sources */,
				F6802A91271B36F2005DF7B1 /* Frameworks */,
				F6802A92271B36F2005DF7B1 /* Resources */,
				228D76EEEDAC2922DE4CC2F7 /* [CP] Embed Pods Frameworks */,
			);
			buildRules = (
			);
			dependencies = (
			);
			name = Parstagram;
			productName = Parstagram;
			productReference = F6802A94271B36F2005DF7B1 /* Parstagram.app */;
			productType = "com.apple.product-type.application";
		};
		F6802AA9271B36F4005DF7B1 /* ParstagramTests */ = {
			isa = PBXNativeTarget;
			buildConfigurationList = F6802AC1271B36F4005DF7B1 /* Build configuration list for PBXNativeTarget "ParstagramTests" */;
			buildPhases = (
				8A382397150292604F0710E9 /* [CP] Check Pods Manifest.lock */,
				F6802AA6271B36F4005DF7B1 /* Sources */,
				F6802AA7271B36F4005DF7B1 /* Frameworks */,
				F6802AA8271B36F4005DF7B1 /* Resources */,
			);
			buildRules = (
			);
			dependencies = (
				F6802AAC271B36F4005DF7B1 /* PBXTargetDependency */,
			);
			name = ParstagramTests;
			productName = ParstagramTests;
			productReference = F6802AAA271B36F4005DF7B1 /* ParstagramTests.xctest */;
			productType = "com.apple.product-type.bundle.unit-test";
		};
		F6802AB4271B36F4005DF7B1 /* ParstagramUITests */ = {
			isa = PBXNativeTarget;
			buildConfigurationList = F6802AC4271B36F4005DF7B1 /* Build configuration list for PBXNativeTarget "ParstagramUITests" */;
			buildPhases = (
				42E615DA876C19C6EC21795D /* [CP] Check Pods Manifest.lock */,
				F6802AB1271B36F4005DF7B1 /* Sources */,
				F6802AB2271B36F4005DF7B1 /* Frameworks */,
				F6802AB3271B36F4005DF7B1 /* Resources */,
				5C1E13A0F0DBAE7B440A0E2A /* [CP] Embed Pods Frameworks */,
			);
			buildRules = (
			);
			dependencies = (
				F6802AB7271B36F4005DF7B1 /* PBXTargetDependency */,
			);
			name = ParstagramUITests;
			productName = ParstagramUITests;
			productReference = F6802AB5271B36F4005DF7B1 /* ParstagramUITests.xctest */;
			productType = "com.apple.product-type.bundle.ui-testing";
		};
/* End PBXNativeTarget section */

/* Begin PBXProject section */
		F6802A8C271B36F2005DF7B1 /* Project object */ = {
			isa = PBXProject;
			attributes = {
				LastSwiftUpdateCheck = 1250;
				LastUpgradeCheck = 1250;
				TargetAttributes = {
					F6802A93271B36F2005DF7B1 = {
						CreatedOnToolsVersion = 12.5.1;
					};
					F6802AA9271B36F4005DF7B1 = {
						CreatedOnToolsVersion = 12.5.1;
						TestTargetID = F6802A93271B36F2005DF7B1;
					};
					F6802AB4271B36F4005DF7B1 = {
						CreatedOnToolsVersion = 12.5.1;
						TestTargetID = F6802A93271B36F2005DF7B1;
					};
				};
			};
			buildConfigurationList = F6802A8F271B36F2005DF7B1 /* Build configuration list for PBXProject "Parstagram" */;
			compatibilityVersion = "Xcode 9.3";
			developmentRegion = en;
			hasScannedForEncodings = 0;
			knownRegions = (
				en,
				Base,
			);
			mainGroup = F6802A8B271B36F2005DF7B1;
			productRefGroup = F6802A95271B36F2005DF7B1 /* Products */;
			projectDirPath = "";
			projectRoot = "";
			targets = (
				F6802A93271B36F2005DF7B1 /* Parstagram */,
				F6802AA9271B36F4005DF7B1 /* ParstagramTests */,
				F6802AB4271B36F4005DF7B1 /* ParstagramUITests */,
			);
		};
/* End PBXProject section */

/* Begin PBXResourcesBuildPhase section */
		F6802A92271B36F2005DF7B1 /* Resources */ = {
			isa = PBXResourcesBuildPhase;
			buildActionMask = 2147483647;
			files = (
				F6802AA4271B36F4005DF7B1 /* LaunchScreen.storyboard in Resources */,
				F6802AA1271B36F4005DF7B1 /* Assets.xcassets in Resources */,
				F6802A9F271B36F2005DF7B1 /* Main.storyboard in Resources */,
			);
			runOnlyForDeploymentPostprocessing = 0;
		};
		F6802AA8271B36F4005DF7B1 /* Resources */ = {
			isa = PBXResourcesBuildPhase;
			buildActionMask = 2147483647;
			files = (
			);
			runOnlyForDeploymentPostprocessing = 0;
		};
		F6802AB3271B36F4005DF7B1 /* Resources */ = {
			isa = PBXResourcesBuildPhase;
			buildActionMask = 2147483647;
			files = (
			);
			runOnlyForDeploymentPostprocessing = 0;
		};
/* End PBXResourcesBuildPhase section */

/* Begin PBXShellScriptBuildPhase section */
		228D76EEEDAC2922DE4CC2F7 /* [CP] Embed Pods Frameworks */ = {
			isa = PBXShellScriptBuildPhase;
			buildActionMask = 2147483647;
			files = (
			);
			inputFileListPaths = (
				"${PODS_ROOT}/Target Support Files/Pods-Parstagram/Pods-Parstagram-frameworks-${CONFIGURATION}-input-files.xcfilelist",
			);
			name = "[CP] Embed Pods Frameworks";
			outputFileListPaths = (
				"${PODS_ROOT}/Target Support Files/Pods-Parstagram/Pods-Parstagram-frameworks-${CONFIGURATION}-output-files.xcfilelist",
			);
			runOnlyForDeploymentPostprocessing = 0;
			shellPath = /bin/sh;
			shellScript = "\"${PODS_ROOT}/Target Support Files/Pods-Parstagram/Pods-Parstagram-frameworks.sh\"\n";
			showEnvVarsInLog = 0;
		};
		236B20E42459F7EE98241D7F /* [CP] Check Pods Manifest.lock */ = {
			isa = PBXShellScriptBuildPhase;
			buildActionMask = 2147483647;
			files = (
			);
			inputFileListPaths = (
			);
			inputPaths = (
				"${PODS_PODFILE_DIR_PATH}/Podfile.lock",
				"${PODS_ROOT}/Manifest.lock",
			);
			name = "[CP] Check Pods Manifest.lock";
			outputFileListPaths = (
			);
			outputPaths = (
				"$(DERIVED_FILE_DIR)/Pods-Parstagram-checkManifestLockResult.txt",
			);
			runOnlyForDeploymentPostprocessing = 0;
			shellPath = /bin/sh;
			shellScript = "diff \"${PODS_PODFILE_DIR_PATH}/Podfile.lock\" \"${PODS_ROOT}/Manifest.lock\" > /dev/null\nif [ $? != 0 ] ; then\n    # print error to STDERR\n    echo \"error: The sandbox is not in sync with the Podfile.lock. Run 'pod install' or update your CocoaPods installation.\" >&2\n    exit 1\nfi\n# This output is used by Xcode 'outputs' to avoid re-running this script phase.\necho \"SUCCESS\" > \"${SCRIPT_OUTPUT_FILE_0}\"\n";
			showEnvVarsInLog = 0;
		};
		42E615DA876C19C6EC21795D /* [CP] Check Pods Manifest.lock */ = {
			isa = PBXShellScriptBuildPhase;
			buildActionMask = 2147483647;
			files = (
			);
			inputFileListPaths = (
			);
			inputPaths = (
				"${PODS_PODFILE_DIR_PATH}/Podfile.lock",
				"${PODS_ROOT}/Manifest.lock",
			);
			name = "[CP] Check Pods Manifest.lock";
			outputFileListPaths = (
			);
			outputPaths = (
				"$(DERIVED_FILE_DIR)/Pods-Parstagram-ParstagramUITests-checkManifestLockResult.txt",
			);
			runOnlyForDeploymentPostprocessing = 0;
			shellPath = /bin/sh;
			shellScript = "diff \"${PODS_PODFILE_DIR_PATH}/Podfile.lock\" \"${PODS_ROOT}/Manifest.lock\" > /dev/null\nif [ $? != 0 ] ; then\n    # print error to STDERR\n    echo \"error: The sandbox is not in sync with the Podfile.lock. Run 'pod install' or update your CocoaPods installation.\" >&2\n    exit 1\nfi\n# This output is used by Xcode 'outputs' to avoid re-running this script phase.\necho \"SUCCESS\" > \"${SCRIPT_OUTPUT_FILE_0}\"\n";
			showEnvVarsInLog = 0;
		};
		5C1E13A0F0DBAE7B440A0E2A /* [CP] Embed Pods Frameworks */ = {
			isa = PBXShellScriptBuildPhase;
			buildActionMask = 2147483647;
			files = (
			);
			inputFileListPaths = (
				"${PODS_ROOT}/Target Support Files/Pods-Parstagram-ParstagramUITests/Pods-Parstagram-ParstagramUITests-frameworks-${CONFIGURATION}-input-files.xcfilelist",
			);
			name = "[CP] Embed Pods Frameworks";
			outputFileListPaths = (
				"${PODS_ROOT}/Target Support Files/Pods-Parstagram-ParstagramUITests/Pods-Parstagram-ParstagramUITests-frameworks-${CONFIGURATION}-output-files.xcfilelist",
			);
			runOnlyForDeploymentPostprocessing = 0;
			shellPath = /bin/sh;
			shellScript = "\"${PODS_ROOT}/Target Support Files/Pods-Parstagram-ParstagramUITests/Pods-Parstagram-ParstagramUITests-frameworks.sh\"\n";
			showEnvVarsInLog = 0;
		};
		8A382397150292604F0710E9 /* [CP] Check Pods Manifest.lock */ = {
			isa = PBXShellScriptBuildPhase;
			buildActionMask = 2147483647;
			files = (
			);
			inputFileListPaths = (
			);
			inputPaths = (
				"${PODS_PODFILE_DIR_PATH}/Podfile.lock",
				"${PODS_ROOT}/Manifest.lock",
			);
			name = "[CP] Check Pods Manifest.lock";
			outputFileListPaths = (
			);
			outputPaths = (
				"$(DERIVED_FILE_DIR)/Pods-ParstagramTests-checkManifestLockResult.txt",
			);
			runOnlyForDeploymentPostprocessing = 0;
			shellPath = /bin/sh;
			shellScript = "diff \"${PODS_PODFILE_DIR_PATH}/Podfile.lock\" \"${PODS_ROOT}/Manifest.lock\" > /dev/null\nif [ $? != 0 ] ; then\n    # print error to STDERR\n    echo \"error: The sandbox is not in sync with the Podfile.lock. Run 'pod install' or update your CocoaPods installation.\" >&2\n    exit 1\nfi\n# This output is used by Xcode 'outputs' to avoid re-running this script phase.\necho \"SUCCESS\" > \"${SCRIPT_OUTPUT_FILE_0}\"\n";
			showEnvVarsInLog = 0;
		};
/* End PBXShellScriptBuildPhase section */

/* Begin PBXSourcesBuildPhase section */
		F6802A90271B36F2005DF7B1 /* Sources */ = {
			isa = PBXSourcesBuildPhase;
			buildActionMask = 2147483647;
			files = (
				F6802AC8271B3CC4005DF7B1 /* LoginViewController.swift in Sources */,
				F6802ACC271B4BFF005DF7B1 /* CameraViewController.swift in Sources */,
				F6802A98271B36F2005DF7B1 /* AppDelegate.swift in Sources */,
				F6802ACA271B3CE3005DF7B1 /* FeedViewController.swift in Sources */,
				F6802A9A271B36F2005DF7B1 /* SceneDelegate.swift in Sources */,
				F6802ACE271B5D1D005DF7B1 /* PostCell.swift in Sources */,
				F6EACB1E272CCC7600E1900B /* CommentCell.swift in Sources */,
			);
			runOnlyForDeploymentPostprocessing = 0;
		};
		F6802AA6271B36F4005DF7B1 /* Sources */ = {
			isa = PBXSourcesBuildPhase;
			buildActionMask = 2147483647;
			files = (
				F6802AAF271B36F4005DF7B1 /* ParstagramTests.swift in Sources */,
			);
			runOnlyForDeploymentPostprocessing = 0;
		};
		F6802AB1271B36F4005DF7B1 /* Sources */ = {
			isa = PBXSourcesBuildPhase;
			buildActionMask = 2147483647;
			files = (
				F6802ABA271B36F4005DF7B1 /* ParstagramUITests.swift in Sources */,
			);
			runOnlyForDeploymentPostprocessing = 0;
		};
/* End PBXSourcesBuildPhase section */

/* Begin PBXTargetDependency section */
		F6802AAC271B36F4005DF7B1 /* PBXTargetDependency */ = {
			isa = PBXTargetDependency;
			target = F6802A93271B36F2005DF7B1 /* Parstagram */;
			targetProxy = F6802AAB271B36F4005DF7B1 /* PBXContainerItemProxy */;
		};
		F6802AB7271B36F4005DF7B1 /* PBXTargetDependency */ = {
			isa = PBXTargetDependency;
			target = F6802A93271B36F2005DF7B1 /* Parstagram */;
			targetProxy = F6802AB6271B36F4005DF7B1 /* PBXContainerItemProxy */;
		};
/* End PBXTargetDependency section */

/* Begin PBXVariantGroup section */
		F6802A9D271B36F2005DF7B1 /* Main.storyboard */ = {
			isa = PBXVariantGroup;
			children = (
				F6802A9E271B36F2005DF7B1 /* Base */,
			);
			name = Main.storyboard;
			sourceTree = "<group>";
		};
		F6802AA2271B36F4005DF7B1 /* LaunchScreen.storyboard */ = {
			isa = PBXVariantGroup;
			children = (
				F6802AA3271B36F4005DF7B1 /* Base */,
			);
			name = LaunchScreen.storyboard;
			sourceTree = "<group>";
		};
/* End PBXVariantGroup section */

/* Begin XCBuildConfiguration section */
		F6802ABC271B36F4005DF7B1 /* Debug */ = {
			isa = XCBuildConfiguration;
			buildSettings = {
				ALWAYS_SEARCH_USER_PATHS = NO;
				CLANG_ANALYZER_NONNULL = YES;
				CLANG_ANALYZER_NUMBER_OBJECT_CONVERSION = YES_AGGRESSIVE;
				CLANG_CXX_LANGUAGE_STANDARD = "gnu++14";
				CLANG_CXX_LIBRARY = "libc++";
				CLANG_ENABLE_MODULES = YES;
				CLANG_ENABLE_OBJC_ARC = YES;
				CLANG_ENABLE_OBJC_WEAK = YES;
				CLANG_WARN_BLOCK_CAPTURE_AUTORELEASING = YES;
				CLANG_WARN_BOOL_CONVERSION = YES;
				CLANG_WARN_COMMA = YES;
				CLANG_WARN_CONSTANT_CONVERSION = YES;
				CLANG_WARN_DEPRECATED_OBJC_IMPLEMENTATIONS = YES;
				CLANG_WARN_DIRECT_OBJC_ISA_USAGE = YES_ERROR;
				CLANG_WARN_DOCUMENTATION_COMMENTS = YES;
				CLANG_WARN_EMPTY_BODY = YES;
				CLANG_WARN_ENUM_CONVERSION = YES;
				CLANG_WARN_INFINITE_RECURSION = YES;
				CLANG_WARN_INT_CONVERSION = YES;
				CLANG_WARN_NON_LITERAL_NULL_CONVERSION = YES;
				CLANG_WARN_OBJC_IMPLICIT_RETAIN_SELF = YES;
				CLANG_WARN_OBJC_LITERAL_CONVERSION = YES;
				CLANG_WARN_OBJC_ROOT_CLASS = YES_ERROR;
				CLANG_WARN_QUOTED_INCLUDE_IN_FRAMEWORK_HEADER = YES;
				CLANG_WARN_RANGE_LOOP_ANALYSIS = YES;
				CLANG_WARN_STRICT_PROTOTYPES = YES;
				CLANG_WARN_SUSPICIOUS_MOVE = YES;
				CLANG_WARN_UNGUARDED_AVAILABILITY = YES_AGGRESSIVE;
				CLANG_WARN_UNREACHABLE_CODE = YES;
				CLANG_WARN__DUPLICATE_METHOD_MATCH = YES;
				COPY_PHASE_STRIP = NO;
				DEBUG_INFORMATION_FORMAT = dwarf;
				ENABLE_STRICT_OBJC_MSGSEND = YES;
				ENABLE_TESTABILITY = YES;
				GCC_C_LANGUAGE_STANDARD = gnu11;
				GCC_DYNAMIC_NO_PIC = NO;
				GCC_NO_COMMON_BLOCKS = YES;
				GCC_OPTIMIZATION_LEVEL = 0;
				GCC_PREPROCESSOR_DEFINITIONS = (
					"DEBUG=1",
					"$(inherited)",
				);
				GCC_WARN_64_TO_32_BIT_CONVERSION = YES;
				GCC_WARN_ABOUT_RETURN_TYPE = YES_ERROR;
				GCC_WARN_UNDECLARED_SELECTOR = YES;
				GCC_WARN_UNINITIALIZED_AUTOS = YES_AGGRESSIVE;
				GCC_WARN_UNUSED_FUNCTION = YES;
				GCC_WARN_UNUSED_VARIABLE = YES;
				IPHONEOS_DEPLOYMENT_TARGET = 14.5;
				MTL_ENABLE_DEBUG_INFO = INCLUDE_SOURCE;
				MTL_FAST_MATH = YES;
				ONLY_ACTIVE_ARCH = YES;
				SDKROOT = iphoneos;
				SWIFT_ACTIVE_COMPILATION_CONDITIONS = DEBUG;
				SWIFT_OPTIMIZATION_LEVEL = "-Onone";
			};
			name = Debug;
		};
		F6802ABD271B36F4005DF7B1 /* Release */ = {
			isa = XCBuildConfiguration;
			buildSettings = {
				ALWAYS_SEARCH_USER_PATHS = NO;
				CLANG_ANALYZER_NONNULL = YES;
				CLANG_ANALYZER_NUMBER_OBJECT_CONVERSION = YES_AGGRESSIVE;
				CLANG_CXX_LANGUAGE_STANDARD = "gnu++14";
				CLANG_CXX_LIBRARY = "libc++";
				CLANG_ENABLE_MODULES = YES;
				CLANG_ENABLE_OBJC_ARC = YES;
				CLANG_ENABLE_OBJC_WEAK = YES;
				CLANG_WARN_BLOCK_CAPTURE_AUTORELEASING = YES;
				CLANG_WARN_BOOL_CONVERSION = YES;
				CLANG_WARN_COMMA = YES;
				CLANG_WARN_CONSTANT_CONVERSION = YES;
				CLANG_WARN_DEPRECATED_OBJC_IMPLEMENTATIONS = YES;
				CLANG_WARN_DIRECT_OBJC_ISA_USAGE = YES_ERROR;
				CLANG_WARN_DOCUMENTATION_COMMENTS = YES;
				CLANG_WARN_EMPTY_BODY = YES;
				CLANG_WARN_ENUM_CONVERSION = YES;
				CLANG_WARN_INFINITE_RECURSION = YES;
				CLANG_WARN_INT_CONVERSION = YES;
				CLANG_WARN_NON_LITERAL_NULL_CONVERSION = YES;
				CLANG_WARN_OBJC_IMPLICIT_RETAIN_SELF = YES;
				CLANG_WARN_OBJC_LITERAL_CONVERSION = YES;
				CLANG_WARN_OBJC_ROOT_CLASS = YES_ERROR;
				CLANG_WARN_QUOTED_INCLUDE_IN_FRAMEWORK_HEADER = YES;
				CLANG_WARN_RANGE_LOOP_ANALYSIS = YES;
				CLANG_WARN_STRICT_PROTOTYPES = YES;
				CLANG_WARN_SUSPICIOUS_MOVE = YES;
				CLANG_WARN_UNGUARDED_AVAILABILITY = YES_AGGRESSIVE;
				CLANG_WARN_UNREACHABLE_CODE = YES;
				CLANG_WARN__DUPLICATE_METHOD_MATCH = YES;
				COPY_PHASE_STRIP = NO;
				DEBUG_INFORMATION_FORMAT = "dwarf-with-dsym";
				ENABLE_NS_ASSERTIONS = NO;
				ENABLE_STRICT_OBJC_MSGSEND = YES;
				GCC_C_LANGUAGE_STANDARD = gnu11;
				GCC_NO_COMMON_BLOCKS = YES;
				GCC_WARN_64_TO_32_BIT_CONVERSION = YES;
				GCC_WARN_ABOUT_RETURN_TYPE = YES_ERROR;
				GCC_WARN_UNDECLARED_SELECTOR = YES;
				GCC_WARN_UNINITIALIZED_AUTOS = YES_AGGRESSIVE;
				GCC_WARN_UNUSED_FUNCTION = YES;
				GCC_WARN_UNUSED_VARIABLE = YES;
				IPHONEOS_DEPLOYMENT_TARGET = 14.5;
				MTL_ENABLE_DEBUG_INFO = NO;
				MTL_FAST_MATH = YES;
				SDKROOT = iphoneos;
				SWIFT_COMPILATION_MODE = wholemodule;
				SWIFT_OPTIMIZATION_LEVEL = "-O";
				VALIDATE_PRODUCT = YES;
			};
			name = Release;
		};
		F6802ABF271B36F4005DF7B1 /* Debug */ = {
			isa = XCBuildConfiguration;
			baseConfigurationReference = 473A12AC3E51F1378CEA011B /* Pods-Parstagram.debug.xcconfig */;
			buildSettings = {
				ASSETCATALOG_COMPILER_APPICON_NAME = AppIcon;
				ASSETCATALOG_COMPILER_GLOBAL_ACCENT_COLOR_NAME = AccentColor;
				CODE_SIGN_STYLE = Automatic;
				INFOPLIST_FILE = Parstagram/Info.plist;
				LD_RUNPATH_SEARCH_PATHS = (
					"$(inherited)",
					"@executable_path/Frameworks",
				);
				PRODUCT_BUNDLE_IDENTIFIER = memo.com.Parstagram;
				PRODUCT_NAME = "$(TARGET_NAME)";
				SWIFT_VERSION = 5.0;
				TARGETED_DEVICE_FAMILY = "1,2";
			};
			name = Debug;
		};
		F6802AC0271B36F4005DF7B1 /* Release */ = {
			isa = XCBuildConfiguration;
			baseConfigurationReference = AC6F7B3DEB7F2FD1610F9754 /* Pods-Parstagram.release.xcconfig */;
			buildSettings = {
				ASSETCATALOG_COMPILER_APPICON_NAME = AppIcon;
				ASSETCATALOG_COMPILER_GLOBAL_ACCENT_COLOR_NAME = AccentColor;
				CODE_SIGN_STYLE = Automatic;
				INFOPLIST_FILE = Parstagram/Info.plist;
				LD_RUNPATH_SEARCH_PATHS = (
					"$(inherited)",
					"@executable_path/Frameworks",
				);
				PRODUCT_BUNDLE_IDENTIFIER = memo.com.Parstagram;
				PRODUCT_NAME = "$(TARGET_NAME)";
				SWIFT_VERSION = 5.0;
				TARGETED_DEVICE_FAMILY = "1,2";
			};
			name = Release;
		};
		F6802AC2271B36F4005DF7B1 /* Debug */ = {
			isa = XCBuildConfiguration;
			baseConfigurationReference = 93A0F242A54182DC82E1ABBF /* Pods-ParstagramTests.debug.xcconfig */;
			buildSettings = {
				ALWAYS_EMBED_SWIFT_STANDARD_LIBRARIES = YES;
				BUNDLE_LOADER = "$(TEST_HOST)";
				CODE_SIGN_STYLE = Automatic;
				INFOPLIST_FILE = ParstagramTests/Info.plist;
				IPHONEOS_DEPLOYMENT_TARGET = 14.5;
				LD_RUNPATH_SEARCH_PATHS = (
					"$(inherited)",
					"@executable_path/Frameworks",
					"@loader_path/Frameworks",
				);
				PRODUCT_BUNDLE_IDENTIFIER = memo.com.ParstagramTests;
				PRODUCT_NAME = "$(TARGET_NAME)";
				SWIFT_VERSION = 5.0;
				TARGETED_DEVICE_FAMILY = "1,2";
				TEST_HOST = "$(BUILT_PRODUCTS_DIR)/Parstagram.app/Parstagram";
			};
			name = Debug;
		};
		F6802AC3271B36F4005DF7B1 /* Release */ = {
			isa = XCBuildConfiguration;
			baseConfigurationReference = 285C380C6D39BCD618203422 /* Pods-ParstagramTests.release.xcconfig */;
			buildSettings = {
				ALWAYS_EMBED_SWIFT_STANDARD_LIBRARIES = YES;
				BUNDLE_LOADER = "$(TEST_HOST)";
				CODE_SIGN_STYLE = Automatic;
				INFOPLIST_FILE = ParstagramTests/Info.plist;
				IPHONEOS_DEPLOYMENT_TARGET = 14.5;
				LD_RUNPATH_SEARCH_PATHS = (
					"$(inherited)",
					"@executable_path/Frameworks",
					"@loader_path/Frameworks",
				);
				PRODUCT_BUNDLE_IDENTIFIER = memo.com.ParstagramTests;
				PRODUCT_NAME = "$(TARGET_NAME)";
				SWIFT_VERSION = 5.0;
				TARGETED_DEVICE_FAMILY = "1,2";
				TEST_HOST = "$(BUILT_PRODUCTS_DIR)/Parstagram.app/Parstagram";
			};
			name = Release;
		};
		F6802AC5271B36F4005DF7B1 /* Debug */ = {
			isa = XCBuildConfiguration;
			baseConfigurationReference = E98F5A3D920238CD31B006CE /* Pods-Parstagram-ParstagramUITests.debug.xcconfig */;
			buildSettings = {
				ALWAYS_EMBED_SWIFT_STANDARD_LIBRARIES = YES;
				CODE_SIGN_STYLE = Automatic;
				INFOPLIST_FILE = ParstagramUITests/Info.plist;
				LD_RUNPATH_SEARCH_PATHS = (
					"$(inherited)",
					"@executable_path/Frameworks",
					"@loader_path/Frameworks",
				);
				PRODUCT_BUNDLE_IDENTIFIER = memo.com.ParstagramUITests;
				PRODUCT_NAME = "$(TARGET_NAME)";
				SWIFT_VERSION = 5.0;
				TARGETED_DEVICE_FAMILY = "1,2";
				TEST_TARGET_NAME = Parstagram;
			};
			name = Debug;
		};
		F6802AC6271B36F4005DF7B1 /* Release */ = {
			isa = XCBuildConfiguration;
			baseConfigurationReference = 9067656F13C0AE06509AE951 /* Pods-Parstagram-ParstagramUITests.release.xcconfig */;
			buildSettings = {
				ALWAYS_EMBED_SWIFT_STANDARD_LIBRARIES = YES;
				CODE_SIGN_STYLE = Automatic;
				INFOPLIST_FILE = ParstagramUITests/Info.plist;
				LD_RUNPATH_SEARCH_PATHS = (
					"$(inherited)",
					"@executable_path/Frameworks",
					"@loader_path/Frameworks",
				);
				PRODUCT_BUNDLE_IDENTIFIER = memo.com.ParstagramUITests;
				PRODUCT_NAME = "$(TARGET_NAME)";
				SWIFT_VERSION = 5.0;
				TARGETED_DEVICE_FAMILY = "1,2";
				TEST_TARGET_NAME = Parstagram;
			};
			name = Release;
		};
/* End XCBuildConfiguration section */

/* Begin XCConfigurationList section */
		F6802A8F271B36F2005DF7B1 /* Build configuration list for PBXProject "Parstagram" */ = {
			isa = XCConfigurationList;
			buildConfigurations = (
				F6802ABC271B36F4005DF7B1 /* Debug */,
				F6802ABD271B36F4005DF7B1 /* Release */,
			);
			defaultConfigurationIsVisible = 0;
			defaultConfigurationName = Release;
		};
		F6802ABE271B36F4005DF7B1 /* Build configuration list for PBXNativeTarget "Parstagram" */ = {
			isa = XCConfigurationList;
			buildConfigurations = (
				F6802ABF271B36F4005DF7B1 /* Debug */,
				F6802AC0271B36F4005DF7B1 /* Release */,
			);
			defaultConfigurationIsVisible = 0;
			defaultConfigurationName = Release;
		};
		F6802AC1271B36F4005DF7B1 /* Build configuration list for PBXNativeTarget "ParstagramTests" */ = {
			isa = XCConfigurationList;
			buildConfigurations = (
				F6802AC2271B36F4005DF7B1 /* Debug */,
				F6802AC3271B36F4005DF7B1 /* Release */,
			);
			defaultConfigurationIsVisible = 0;
			defaultConfigurationName = Release;
		};
		F6802AC4271B36F4005DF7B1 /* Build configuration list for PBXNativeTarget "ParstagramUITests" */ = {
			isa = XCConfigurationList;
			buildConfigurations = (
				F6802AC5271B36F4005DF7B1 /* Debug */,
				F6802AC6271B36F4005DF7B1 /* Release */,
			);
			defaultConfigurationIsVisible = 0;
			defaultConfigurationName = Release;
		};
/* End XCConfigurationList section */
	};
	rootObject = F6802A8C271B36F2005DF7B1 /* Project object */;
}
